{
  "nodes": {
    "flakeNimbleLib": {
      "inputs": {
        "nixpkgs": [
          "nixpkgs"
        ]
      },
      "locked": {
        "lastModified": 1662018438,
        "narHash": "sha256-QtNtU6+LX3Wokxf0zlFwKTFOcn6TeDjKQZ+DA9OYtvM=",
        "owner": "riinr",
        "repo": "nim-flakes-lib",
        "rev": "b1fe8340736e3a85d25c709ac3dfd82a55c03cbf",
        "type": "github"
      },
      "original": {
        "owner": "riinr",
        "ref": "master",
        "repo": "nim-flakes-lib",
        "type": "github"
      }
    },
    "lazyseq-main": {
      "inputs": {
        "flakeNimbleLib": [
          "flakeNimbleLib"
        ],
        "nixpkgs": [
          "nixpkgs"
        ],
        "src-lazyseq-main": "src-lazyseq-main"
      },
      "locked": {
        "dir": "main",
        "lastModified": 1662254564,
        "narHash": "sha256-E7S/KPb0PheSN1Q8NIgET+n+rXe6/TYCgbfXMkPhX7A=",
        "owner": "nim-nix-pkgs",
        "repo": "lazyseq",
        "rev": "8d4e4602f4428e198872f389c53319b508fdf70a",
        "type": "github"
      },
      "original": {
        "dir": "main",
        "owner": "nim-nix-pkgs",
        "ref": "master",
        "repo": "lazyseq",
        "type": "github"
      }
    },
    "nixpkgs": {
      "locked": {
        "lastModified": 1667110639,
        "narHash": "sha256-4FbPESZ5LbqQxkJJJBAfk/zKgF9h/4kyUwjjpJwYlbc=",
        "owner": "NixOS",
        "repo": "nixpkgs",
        "rev": "f38a1f04d1bec1feb61fd101a0539ae2002a7087",
        "type": "github"
      },
      "original": {
        "id": "nixpkgs",
        "type": "indirect"
      }
    },
    "root": {
      "inputs": {
        "flakeNimbleLib": "flakeNimbleLib",
        "lazyseq-main": "lazyseq-main",
        "nixpkgs": "nixpkgs"
      }
    },
    "src-lazyseq-main": {
      "flake": false,
      "locked": {
        "lastModified": 1610627356,
        "narHash": "sha256-ORH9BpaaFGLXnWj16ksHHnT4Vs80BPlR/bNrWcMKhZI=",
        "owner": "markspanbroek",
        "repo": "nim-lazyseq",
        "rev": "4322d1325d1d284df3219076ccf87415f92a92bd",
        "type": "github"
      },
      "original": {
        "owner": "markspanbroek",
        "ref": "refs/heads/main",
        "repo": "nim-lazyseq",
        "type": "github"
      }
    }
  },
  "root": "root",
  "version": 7
}
