{
  "nodes": {
    "flakeNimbleLib": {
      "inputs": {
        "nixpkgs": [
          "nixpkgs"
        ]
      },
      "locked": {
        "lastModified": 1662018438,
        "narHash": "sha256-QtNtU6+LX3Wokxf0zlFwKTFOcn6TeDjKQZ+DA9OYtvM=",
        "owner": "riinr",
        "repo": "nim-flakes-lib",
        "rev": "b1fe8340736e3a85d25c709ac3dfd82a55c03cbf",
        "type": "github"
      },
      "original": {
        "owner": "riinr",
        "ref": "master",
        "repo": "nim-flakes-lib",
        "type": "github"
      }
    },
    "lazyseq-main": {
      "inputs": {
        "flakeNimbleLib": [
          "flakeNimbleLib"
        ],
        "nixpkgs": [
          "nixpkgs"
        ],
        "src-lazyseq-main": "src-lazyseq-main"
      },
      "locked": {
        "dir": "main",
        "lastModified": 1667322382,
        "narHash": "sha256-FQKMlrc7oNbVlJ4H1jJDgxY1WLFzacGHGvQgF/K6vlc=",
        "owner": "nim-nix-pkgs",
        "repo": "lazyseq",
        "rev": "a2cc1ad62d22b895ac83158aface92ff75d52039",
        "type": "github"
      },
      "original": {
        "dir": "main",
        "owner": "nim-nix-pkgs",
        "ref": "master",
        "repo": "lazyseq",
        "type": "github"
      }
    },
    "nixpkgs": {
      "locked": {
        "lastModified": 1667199707,
        "narHash": "sha256-I2Js3Y7gUyVSEXPULHlBoRek4Lh85vnevdS6mdvDNLI=",
        "owner": "NixOS",
        "repo": "nixpkgs",
        "rev": "ced197be72099edcfa68ebed8b87af7b04851f45",
        "type": "github"
      },
      "original": {
        "id": "nixpkgs",
        "type": "indirect"
      }
    },
    "root": {
      "inputs": {
        "flakeNimbleLib": "flakeNimbleLib",
        "lazyseq-main": "lazyseq-main",
        "nixpkgs": "nixpkgs"
      }
    },
    "src-lazyseq-main": {
      "flake": false,
      "locked": {
        "lastModified": 1610627356,
        "narHash": "sha256-ORH9BpaaFGLXnWj16ksHHnT4Vs80BPlR/bNrWcMKhZI=",
        "owner": "markspanbroek",
        "repo": "nim-lazyseq",
        "rev": "4322d1325d1d284df3219076ccf87415f92a92bd",
        "type": "github"
      },
      "original": {
        "owner": "markspanbroek",
        "ref": "refs/heads/main",
        "repo": "nim-lazyseq",
        "type": "github"
      }
    }
  },
  "root": "root",
  "version": 7
}
